
Microsoft Visual Studio Solution File, Format Version 12.00
# Visual Studio 15
VisualStudioVersion = 15.0.28010.2016
MinimumVisualStudioVersion = 10.0.40219.1
Project("{8BC9CEB8-8B4A-11D0-8D11-00A0C91BC942}") = "DX_Template", "DX_Template\DX_Template.vcxproj", "{03F75A23-9F85-412A-9277-8CBCBA6D3695}"
EndProject
Global
	GlobalSection(SolutionConfigurationPlatforms) = preSolution
		Debug|x64 = Debug|x64
		Debug|x86 = Debug|x86
		Release|x64 = Release|x64
		Release|x86 = Release|x86
	EndGlobalSection
	GlobalSection(ProjectConfigurationPlatforms) = postSolution
		{03F75A23-9F85-412A-9277-8CBCBA6D3695}.Debug|x64.ActiveCfg = Debug|x64
		{03F75A23-9F85-412A-9277-8CBCBA6D3695}.Debug|x64.Build.0 = Debug|x64
		{03F75A23-9F85-412A-9277-8CBCBA6D3695}.Debug|x86.ActiveCfg = Debug|Win32
		{03F75A23-9F85-412A-9277-8CBCBA6D3695}.Debug|x86.Build.0 = Debug|Win32
		{03F75A23-9F85-412A-9277-8CBCBA6D3695}.Release|x64.ActiveCfg = Release|x64
		{03F75A23-9F85-412A-9277-8CBCBA6D3695}.Release|x64.Build.0 = Release|x64
		{03F75A23-9F85-412A-9277-8CBCBA6D3695}.Release|x86.ActiveCfg = Release|Win32
		{03F75A23-9F85-412A-9277-8CBCBA6D3695}.Release|x86.Build.0 = Release|Win32
	EndGlobalSection
	GlobalSection(SolutionProperties) = preSolution
		HideSolutionNode = FALSE
	EndGlobalSection
	GlobalSection(ExtensibilityGlobals) = postSolution
		SolutionGuid = {5402B0F2-82AB-4907-9BF8-580CD763C1C7}
	EndGlobalSection
EndGlobal
